# Agent skills lockfile — generated by dot package dump
format: skill-lock-v1
providers:
  - name: agents-sdk
    skills:
      - name: agents-sdk
        command: npx -y cloudflare/skills#skills/agents-sdk/SKILL.md
        agents:
          - unknown
  - name: ask-matt
    skills:
      - name: ask-matt
        command: npx -y mattpocock/skills#skills/engineering/ask-matt/SKILL.md
        agents:
          - unknown
  - name: audit-docs
    skills:
      - name: audit-docs
        command: npx -y gtrabanco/agentic-skills#skills/audit-docs/SKILL.md
        agents:
          - unknown
  - name: audit-pr
    skills:
      - name: audit-pr
        command: npx -y gtrabanco/agentic-skills#skills/audit-pr/SKILL.md
        agents:
          - unknown
  - name: batch-grill-me
    skills:
      - name: batch-grill-me
        command: npx -y mattpocock/skills#skills/in-progress/batch-grill-me/SKILL.md
        agents:
          - unknown
  - name: chrome-extensions
    skills:
      - name: chrome-extensions
        command: npx -y GoogleChrome/modern-web-guidance#skills/chrome-extensions/SKILL.md
        agents:
          - unknown
  - name: cloudflare
    skills:
      - name: cloudflare
        command: npx -y cloudflare/skills#skills/cloudflare/SKILL.md
        agents:
          - unknown
  - name: cloudflare-email-service
    skills:
      - name: cloudflare-email-service
        command: npx -y cloudflare/skills#skills/cloudflare-email-service/SKILL.md
        agents:
          - unknown
  - name: cloudflare-one
    skills:
      - name: cloudflare-one
        command: npx -y cloudflare/skills#skills/cloudflare-one/SKILL.md
        agents:
          - unknown
  - name: cloudflare-one-migrations
    skills:
      - name: cloudflare-one-migrations
        command: npx -y cloudflare/skills#skills/cloudflare-one-migrations/SKILL.md
        agents:
          - unknown
  - name: code-review
    skills:
      - name: code-review
        command: npx -y mattpocock/skills#skills/engineering/code-review/SKILL.md
        agents:
          - unknown
  - name: codebase-design
    skills:
      - name: codebase-design
        command: npx -y mattpocock/skills#skills/engineering/codebase-design/SKILL.md
        agents:
          - unknown
  - name: design-an-interface
    skills:
      - name: design-an-interface
        command: npx -y mattpocock/skills#skills/deprecated/design-an-interface/SKILL.md
        agents:
          - unknown
  - name: design-feature
    skills:
      - name: design-feature
        command: npx -y gtrabanco/agentic-skills#skills/design-feature/SKILL.md
        agents:
          - unknown
  - name: diagnosing-bugs
    skills:
      - name: diagnosing-bugs
        command: npx -y mattpocock/skills#skills/engineering/diagnosing-bugs/SKILL.md
        agents:
          - unknown
  - name: domain-modeling
    skills:
      - name: domain-modeling
        command: npx -y mattpocock/skills#skills/engineering/domain-modeling/SKILL.md
        agents:
          - unknown
  - name: durable-objects
    skills:
      - name: durable-objects
        command: npx -y cloudflare/skills#skills/durable-objects/SKILL.md
        agents:
          - unknown
  - name: edit-article
    skills:
      - name: edit-article
        command: npx -y mattpocock/skills#skills/personal/edit-article/SKILL.md
        agents:
          - unknown
  - name: ethskills
    skills:
      - name: ethskills
        command: npx -y austintgriffith/ethskills#SKILL.md
        agents:
          - unknown
  - name: execute-phase
    skills:
      - name: execute-phase
        command: npx -y gtrabanco/agentic-skills#skills/execute-phase/SKILL.md
        agents:
          - unknown
  - name: find-skills
    skills:
      - name: find-skills
        command: npx -y vercel-labs/skills#skills/find-skills/SKILL.md
        agents:
          - unknown
  - name: fold-findings
    skills:
      - name: fold-findings
        command: npx -y gtrabanco/agentic-skills#skills/fold-findings/SKILL.md
        agents:
          - unknown
  - name: generate-docs
    skills:
      - name: generate-docs
        command: npx -y gtrabanco/agentic-skills#skills/generate-docs/SKILL.md
        agents:
          - unknown
  - name: ghost-proxy
    skills:
      - name: ghost-proxy
        command: npx -y ghostsecurity/skills#plugins/ghost/skills/proxy/SKILL.md
        agents:
          - unknown
  - name: ghost-repo-context
    skills:
      - name: ghost-repo-context
        command: npx -y ghostsecurity/skills#plugins/ghost/skills/repo-context/SKILL.md
        agents:
          - unknown
  - name: ghost-report
    skills:
      - name: ghost-report
        command: npx -y ghostsecurity/skills#plugins/ghost/skills/report/SKILL.md
        agents:
          - unknown
  - name: ghost-scan-code
    skills:
      - name: ghost-scan-code
        command: npx -y ghostsecurity/skills#plugins/ghost/skills/scan-code/SKILL.md
        agents:
          - unknown
  - name: ghost-scan-deps
    skills:
      - name: ghost-scan-deps
        command: npx -y ghostsecurity/skills#plugins/ghost/skills/scan-deps/SKILL.md
        agents:
          - unknown
  - name: ghost-scan-secrets
    skills:
      - name: ghost-scan-secrets
        command: npx -y ghostsecurity/skills#plugins/ghost/skills/scan-secrets/SKILL.md
        agents:
          - unknown
  - name: ghost-validate
    skills:
      - name: ghost-validate
        command: npx -y ghostsecurity/skills#plugins/ghost/skills/validate/SKILL.md
        agents:
          - unknown
  - name: grill-me
    skills:
      - name: grill-me
        command: npx -y mattpocock/skills#skills/productivity/grill-me/SKILL.md
        agents:
          - unknown
  - name: grill-with-docs
    skills:
      - name: grill-with-docs
        command: npx -y mattpocock/skills#skills/engineering/grill-with-docs/SKILL.md
        agents:
          - unknown
  - name: grilling
    skills:
      - name: grilling
        command: npx -y mattpocock/skills#skills/productivity/grilling/SKILL.md
        agents:
          - unknown
  - name: hallmark
    skills:
      - name: hallmark
        command: npx -y nutlope/hallmark#skills/hallmark/SKILL.md
        agents:
          - unknown
  - name: handoff
    skills:
      - name: handoff
        command: npx -y mattpocock/skills#skills/productivity/handoff/SKILL.md
        agents:
          - unknown
  - name: implement
    skills:
      - name: implement
        command: npx -y mattpocock/skills#skills/engineering/implement/SKILL.md
        agents:
          - unknown
  - name: improve-codebase-architecture
    skills:
      - name: improve-codebase-architecture
        command: npx -y mattpocock/skills#skills/engineering/improve-codebase-architecture/SKILL.md
        agents:
          - unknown
  - name: init-workspace
    skills:
      - name: init-workspace
        command: npx -y gtrabanco/agentic-skills#skills/init-workspace/SKILL.md
        agents:
          - unknown
  - name: karpathy-guidelines
    skills:
      - name: karpathy-guidelines
        command: npx -y multica-ai/andrej-karpathy-skills#skills/karpathy-guidelines/SKILL.md
        agents:
          - unknown
  - name: log-session
    skills:
      - name: log-session
        command: npx -y gtrabanco/agentic-skills#skills/log-session/SKILL.md
        agents:
          - unknown
  - name: loop-me
    skills:
      - name: loop-me
        command: npx -y mattpocock/skills#skills/in-progress/loop-me/SKILL.md
        agents:
          - unknown
  - name: modern-web-guidance
    skills:
      - name: modern-web-guidance
        command: npx -y GoogleChrome/modern-web-guidance#skills/modern-web-guidance/SKILL.md
        agents:
          - unknown
  - name: orca-cli
    skills:
      - name: orca-cli
        command: npx -y stablyai/orca#skills/orca-cli/SKILL.md
        agents:
          - unknown
  - name: orchestration
    skills:
      - name: orchestration
        command: npx -y stablyai/orca#skills/orchestration/SKILL.md
        agents:
          - unknown
  - name: orchestration-envelope
    skills:
      - name: orchestration-envelope
        command: npx -y gtrabanco/agentic-skills#skills/orchestration-envelope/SKILL.md
        agents:
          - unknown
  - name: plan-feature
    skills:
      - name: plan-feature
        command: npx -y gtrabanco/agentic-skills#skills/plan-feature/SKILL.md
        agents:
          - unknown
  - name: plan-feature-from-issue
    skills:
      - name: plan-feature-from-issue
        command: npx -y gtrabanco/agentic-skills#skills/plan-feature-from-issue/SKILL.md
        agents:
          - unknown
  - name: plan-feature-scaffold
    skills:
      - name: plan-feature-scaffold
        command: npx -y gtrabanco/agentic-skills#skills/plan-feature-scaffold/SKILL.md
        agents:
          - unknown
  - name: plan-fix
    skills:
      - name: plan-fix
        command: npx -y gtrabanco/agentic-skills#skills/plan-fix/SKILL.md
        agents:
          - unknown
  - name: product-audit
    skills:
      - name: product-audit
        command: npx -y gtrabanco/agentic-skills#skills/product-audit/SKILL.md
        agents:
          - unknown
  - name: qa
    skills:
      - name: qa
        command: npx -y mattpocock/skills#skills/deprecated/qa/SKILL.md
        agents:
          - unknown
  - name: research
    skills:
      - name: research
        command: npx -y mattpocock/skills#skills/engineering/research/SKILL.md
        agents:
          - unknown
  - name: resolving-merge-conflicts
    skills:
      - name: resolving-merge-conflicts
        command: npx -y mattpocock/skills#skills/engineering/resolving-merge-conflicts/SKILL.md
        agents:
          - unknown
  - name: review-a11y
    skills:
      - name: review-a11y
        command: npx -y gtrabanco/agentic-skills#skills/review-a11y/SKILL.md
        agents:
          - unknown
  - name: review-brand
    skills:
      - name: review-brand
        command: npx -y gtrabanco/agentic-skills#skills/review-brand/SKILL.md
        agents:
          - unknown
  - name: review-change
    skills:
      - name: review-change
        command: npx -y gtrabanco/agentic-skills#skills/review-change/SKILL.md
        agents:
          - unknown
  - name: review-code
    skills:
      - name: review-code
        command: npx -y gtrabanco/agentic-skills#skills/review-code/SKILL.md
        agents:
          - unknown
  - name: review-debt
    skills:
      - name: review-debt
        command: npx -y gtrabanco/agentic-skills#skills/review-debt/SKILL.md
        agents:
          - unknown
  - name: review-design
    skills:
      - name: review-design
        command: npx -y gtrabanco/agentic-skills#skills/review-design/SKILL.md
        agents:
          - unknown
  - name: review-implementation
    skills:
      - name: review-implementation
        command: npx -y gtrabanco/agentic-skills#skills/review-implementation/SKILL.md
        agents:
          - unknown
  - name: review-perf
    skills:
      - name: review-perf
        command: npx -y gtrabanco/agentic-skills#skills/review-perf/SKILL.md
        agents:
          - unknown
  - name: review-security
    skills:
      - name: review-security
        command: npx -y gtrabanco/agentic-skills#skills/review-security/SKILL.md
        agents:
          - unknown
  - name: review-seo
    skills:
      - name: review-seo
        command: npx -y gtrabanco/agentic-skills#skills/review-seo/SKILL.md
        agents:
          - unknown
  - name: review-verify
    skills:
      - name: review-verify
        command: npx -y gtrabanco/agentic-skills#skills/review-verify/SKILL.md
        agents:
          - unknown
  - name: sandbox-sdk
    skills:
      - name: sandbox-sdk
        command: npx -y cloudflare/skills#skills/sandbox-sdk/SKILL.md
        agents:
          - unknown
  - name: security-audit
    skills:
      - name: security-audit
        command: npx -y cloudflare/security-audit-skill#SKILL.md
        agents:
          - unknown
  - name: setup-pre-commit
    skills:
      - name: setup-pre-commit
        command: npx -y mattpocock/skills#skills/misc/setup-pre-commit/SKILL.md
        agents:
          - unknown
  - name: ship-roadmap
    skills:
      - name: ship-roadmap
        command: npx -y gtrabanco/agentic-skills#skills/ship-roadmap/SKILL.md
        agents:
          - unknown
  - name: tdd
    skills:
      - name: tdd
        command: npx -y mattpocock/skills#skills/engineering/tdd/SKILL.md
        agents:
          - unknown
  - name: teach
    skills:
      - name: teach
        command: npx -y mattpocock/skills#skills/productivity/teach/SKILL.md
        agents:
          - unknown
  - name: triage
    skills:
      - name: triage
        command: npx -y mattpocock/skills#skills/engineering/triage/SKILL.md
        agents:
          - unknown
  - name: triage-issue
    skills:
      - name: triage-issue
        command: npx -y gtrabanco/agentic-skills#skills/triage-issue/SKILL.md
        agents:
          - unknown
  - name: turnstile-spin
    skills:
      - name: turnstile-spin
        command: npx -y cloudflare/skills#skills/turnstile-spin/SKILL.md
        agents:
          - unknown
  - name: web-perf
    skills:
      - name: web-perf
        command: npx -y cloudflare/skills#skills/web-perf/SKILL.md
        agents:
          - unknown
  - name: wizard
    skills:
      - name: wizard
        command: npx -y mattpocock/skills#skills/in-progress/wizard/SKILL.md
        agents:
          - unknown
  - name: workers-best-practices
    skills:
      - name: workers-best-practices
        command: npx -y cloudflare/skills#skills/workers-best-practices/SKILL.md
        agents:
          - unknown
  - name: workflow-status
    skills:
      - name: workflow-status
        command: npx -y gtrabanco/agentic-skills#skills/workflow-status/SKILL.md
        agents:
          - unknown
  - name: wrangler
    skills:
      - name: wrangler
        command: npx -y cloudflare/skills#skills/wrangler/SKILL.md
        agents:
          - unknown
  - name: zod
    skills:
      - name: zod
        command: npx -y anivar/zod-skill#SKILL.md
        agents:
          - unknown
